// !$*UTF8*$!
{
	archiveVersion = 1;
	classes = {
	};
	objectVersion = 46;
	objects = {

/* Begin PBXBuildFile section */
		E1DA3C4C1ADE26170071BE5F /* main.m in Sources */ = {isa = PBXBuildFile; fileRef = E1DA3C4B1ADE26170071BE5F /* main.m */; };
		E1DA3C4F1ADE26170071BE5F /* AppDelegate.m in Sources */ = {isa = PBXBuildFile; fileRef = E1DA3C4E1ADE26170071BE5F /* AppDelegate.m */; };
		E1DA3C521ADE26170071BE5F /* FirstViewController.m in Sources */ = {isa = PBXBuildFile; fileRef = E1DA3C511ADE26170071BE5F /* FirstViewController.m */; };
		E1DA3C551ADE26170071BE5F /* SecondViewController.m in Sources */ = {isa = PBXBuildFile; fileRef = E1DA3C541ADE26170071BE5F /* SecondViewController.m */; };
		E1DA3C581ADE26170071BE5F /* Main.storyboard in Resources */ = {isa = PBXBuildFile; fileRef = E1DA3C561ADE26170071BE5F /* Main.storyboard */; };
		E1DA3C5A1ADE26170071BE5F /* Images.xcassets in Resources */ = {isa = PBXBuildFile; fileRef = E1DA3C591ADE26170071BE5F /* Images.xcassets */; };
		E1DA3C5D1ADE26170071BE5F /* LaunchScreen.xib in Resources */ = {isa = PBXBuildFile; fileRef = E1DA3C5B1ADE26170071BE5F /* LaunchScreen.xib */; };
		E1DA3C691ADE26170071BE5F /* BITUnionTests.m in Sources */ = {isa = PBXBuildFile; fileRef = E1DA3C681ADE26170071BE5F /* BITUnionTests.m */; };
/* End PBXBuildFile section */

/* Begin PBXContainerItemProxy section */
		E1DA3C631ADE26170071BE5F /* PBXContainerItemProxy */ = {
			isa = PBXContainerItemProxy;
			containerPortal = E1DA3C3E1ADE26170071BE5F /* Project object */;
			proxyType = 1;
			remoteGlobalIDString = E1DA3C451ADE26170071BE5F;
			remoteInfo = BITUnion;
		};
/* End PBXContainerItemProxy section */

/* Begin PBXFileReference section */
		E1DA3C461ADE26170071BE5F /* BITUnion.app */ = {isa = PBXFileReference; explicitFileType = wrapper.application; includeInIndex = 0; path = BITUnion.app; sourceTree = BUILT_PRODUCTS_DIR; };
		E1DA3C4A1ADE26170071BE5F /* Info.plist */ = {isa = PBXFileReference; lastKnownFileType = text.plist.xml; path = Info.plist; sourceTree = "<group>"; };
		E1DA3C4B1ADE26170071BE5F /* main.m */ = {isa = PBXFileReference; lastKnownFileType = sourcecode.c.objc; path = main.m; sourceTree = "<group>"; };
		E1DA3C4D1ADE26170071BE5F /* AppDelegate.h */ = {isa = PBXFileReference; lastKnownFileType = sourcecode.c.h; path = AppDelegate.h; sourceTree = "<group>"; };
		E1DA3C4E1ADE26170071BE5F /* AppDelegate.m */ = {isa = PBXFileReference; lastKnownFileType = sourcecode.c.objc; path = AppDelegate.m; sourceTree = "<group>"; };
		E1DA3C501ADE26170071BE5F /* FirstViewController.h */ = {isa = PBXFileReference; lastKnownFileType = sourcecode.c.h; path = FirstViewController.h; sourceTree = "<group>"; };
		E1DA3C511ADE26170071BE5F /* FirstViewController.m */ = {isa = PBXFileReference; lastKnownFileType = sourcecode.c.objc; path = FirstViewController.m; sourceTree = "<group>"; };
		E1DA3C531ADE26170071BE5F /* SecondViewController.h */ = {isa = PBXFileReference; lastKnownFileType = sourcecode.c.h; path = SecondViewController.h; sourceTree = "<group>"; };
		E1DA3C541ADE26170071BE5F /* SecondViewController.m */ = {isa = PBXFileReference; lastKnownFileType = sourcecode.c.objc; path = SecondViewController.m; sourceTree = "<group>"; };
		E1DA3C571ADE26170071BE5F /* Base */ = {isa = PBXFileReference; lastKnownFileType = file.storyboard; name = Base; path = Base.lproj/Main.storyboard; sourceTree = "<group>"; };
		E1DA3C591ADE26170071BE5F /* Images.xcassets */ = {isa = PBXFileReference; lastKnownFileType = folder.assetcatalog; path = Images.xcassets; sourceTree = "<group>"; };
		E1DA3C5C1ADE26170071BE5F /* Base */ = {isa = PBXFileReference; lastKnownFileType = file.xib; name = Base; path = Base.lproj/LaunchScreen.xib; sourceTree = "<group>"; };
		E1DA3C621ADE26170071BE5F /* BITUnionTests.xctest */ = {isa = PBXFileReference; explicitFileType = wrapper.cfbundle; includeInIndex = 0; path = BITUnionTests.xctest; sourceTree = BUILT_PRODUCTS_DIR; };
		E1DA3C671ADE26170071BE5F /* Info.plist */ = {isa = PBXFileReference; lastKnownFileType = text.plist.xml; path = Info.plist; sourceTree = "<group>"; };
		E1DA3C681ADE26170071BE5F /* BITUnionTests.m */ = {isa = PBXFileReference; lastKnownFileType = sourcecode.c.objc; path = BITUnionTests.m; sourceTree = "<group>"; };
/* End PBXFileReference section */

/* Begin PBXFrameworksBuildPhase section */
		E1DA3C431ADE26170071BE5F /* Frameworks */ = {
			isa = PBXFrameworksBuildPhase;
			buildActionMask = 2147483647;
			files = (
			);
			runOnlyForDeploymentPostprocessing = 0;
		};
		E1DA3C5F1ADE26170071BE5F /* Frameworks */ = {
			isa = PBXFrameworksBuildPhase;
			buildActionMask = 2147483647;
			files = (
			);
			runOnlyForDeploymentPostprocessing = 0;
		};
/* End PBXFrameworksBuildPhase section */

/* Begin PBXGroup section */
		E1DA3C3D1ADE26170071BE5F = {
			isa = PBXGroup;
			children = (
				E1DA3C481ADE26170071BE5F /* BITUnion */,
				E1DA3C651ADE26170071BE5F /* BITUnionTests */,
				E1DA3C471ADE26170071BE5F /* Products */,
			);
			sourceTree = "<group>";
		};
		E1DA3C471ADE26170071BE5F /* Products */ = {
			isa = PBXGroup;
			children = (
				E1DA3C461ADE26170071BE5F /* BITUnion.app */,
				E1DA3C621ADE26170071BE5F /* BITUnionTests.xctest */,
			);
			name = Products;
			sourceTree = "<group>";
		};
		E1DA3C481ADE26170071BE5F /* BITUnion */ = {
			isa = PBXGroup;
			children = (
				E1DA3C4D1ADE26170071BE5F /* AppDelegate.h */,
				E1DA3C4E1ADE26170071BE5F /* AppDelegate.m */,
				E1DA3C501ADE26170071BE5F /* FirstViewController.h */,
				E1DA3C511ADE26170071BE5F /* FirstViewController.m */,
				E1DA3C531ADE26170071BE5F /* SecondViewController.h */,
				E1DA3C541ADE26170071BE5F /* SecondViewController.m */,
				E1DA3C561ADE26170071BE5F /* Main.storyboard */,
				E1DA3C591ADE26170071BE5F /* Images.xcassets */,
				E1DA3C5B1ADE26170071BE5F /* LaunchScreen.xib */,
				E1DA3C491ADE26170071BE5F /* Supporting Files */,
			);
			path = BITUnion;
			sourceTree = "<group>";
		};
		E1DA3C491ADE26170071BE5F /* Supporting Files */ = {
			isa = PBXGroup;
			children = (
				E1DA3C4A1ADE26170071BE5F /* Info.plist */,
				E1DA3C4B1ADE26170071BE5F /* main.m */,
			);
			name = "Supporting Files";
			sourceTree = "<group>";
		};
		E1DA3C651ADE26170071BE5F /* BITUnionTests */ = {
			isa = PBXGroup;
			children = (
				E1DA3C681ADE26170071BE5F /* BITUnionTests.m */,
				E1DA3C661ADE26170071BE5F /* Supporting Files */,
			);
			path = BITUnionTests;
			sourceTree = "<group>";
		};
		E1DA3C661ADE26170071BE5F /* Supporting Files */ = {
			isa = PBXGroup;
			children = (
				E1DA3C671ADE26170071BE5F /* Info.plist */,
			);
			name = "Supporting Files";
			sourceTree = "<group>";
		};
/* End PBXGroup section */

/* Begin PBXNativeTarget section */
		E1DA3C451ADE26170071BE5F /* BITUnion */ = {
			isa = PBXNativeTarget;
			buildConfigurationList = E1DA3C6C1ADE26170071BE5F /* Build configuration list for PBXNativeTarget "BITUnion" */;
			buildPhases = (
				E1DA3C421ADE26170071BE5F /* Sources */,
				E1DA3C431ADE26170071BE5F /* Frameworks */,
				E1DA3C441ADE26170071BE5F /* Resources */,
			);
			buildRules = (
			);
			dependencies = (
			);
			name = BITUnion;
			productName = BITUnion;
			productReference = E1DA3C461ADE26170071BE5F /* BITUnion.app */;
			productType = "com.apple.product-type.application";
		};
		E1DA3C611ADE26170071BE5F /* BITUnionTests */ = {
			isa = PBXNativeTarget;
			buildConfigurationList = E1DA3C6F1ADE26170071BE5F /* Build configuration list for PBXNativeTarget "BITUnionTests" */;
			buildPhases = (
				E1DA3C5E1ADE26170071BE5F /* Sources */,
				E1DA3C5F1ADE26170071BE5F /* Frameworks */,
				E1DA3C601ADE26170071BE5F /* Resources */,
			);
			buildRules = (
			);
			dependencies = (
				E1DA3C641ADE26170071BE5F /* PBXTargetDependency */,
			);
			name = BITUnionTests;
			productName = BITUnionTests;
			productReference = E1DA3C621ADE26170071BE5F /* BITUnionTests.xctest */;
			productType = "com.apple.product-type.bundle.unit-test";
		};
/* End PBXNativeTarget section */

/* Begin PBXProject section */
		E1DA3C3E1ADE26170071BE5F /* Project object */ = {
			isa = PBXProject;
			attributes = {
				LastUpgradeCheck = 0610;
				TargetAttributes = {
					E1DA3C451ADE26170071BE5F = {
						CreatedOnToolsVersion = 6.1.1;
					};
					E1DA3C611ADE26170071BE5F = {
						CreatedOnToolsVersion = 6.1.1;
						TestTargetID = E1DA3C451ADE26170071BE5F;
					};
				};
			};
			buildConfigurationList = E1DA3C411ADE26170071BE5F /* Build configuration list for PBXProject "BITUnion" */;
			compatibilityVersion = "Xcode 3.2";
			developmentRegion = English;
			hasScannedForEncodings = 0;
			knownRegions = (
				en,
				Base,
			);
			mainGroup = E1DA3C3D1ADE26170071BE5F;
			productRefGroup = E1DA3C471ADE26170071BE5F /* Products */;
			projectDirPath = "";
			projectRoot = "";
			targets = (
				E1DA3C451ADE26170071BE5F /* BITUnion */,
				E1DA3C611ADE26170071BE5F /* BITUnionTests */,
			);
		};
/* End PBXProject section */

/* Begin PBXResourcesBuildPhase section */
		E1DA3C441ADE26170071BE5F /* Resources */ = {
			isa = PBXResourcesBuildPhase;
			buildActionMask = 2147483647;
			files = (
				E1DA3C581ADE26170071BE5F /* Main.storyboard in Resources */,
				E1DA3C5D1ADE26170071BE5F /* LaunchScreen.xib in Resources */,
				E1DA3C5A1ADE26170071BE5F /* Images.xcassets in Resources */,
			);
			runOnlyForDeploymentPostprocessing = 0;
		};
		E1DA3C601ADE26170071BE5F /* Resources */ = {
			isa = PBXResourcesBuildPhase;
			buildActionMask = 2147483647;
			files = (
			);
			runOnlyForDeploymentPostprocessing = 0;
		};
/* End PBXResourcesBuildPhase section */

/* Begin PBXSourcesBuildPhase section */
		E1DA3C421ADE26170071BE5F /* Sources */ = {
			isa = PBXSourcesBuildPhase;
			buildActionMask = 2147483647;
			files = (
				E1DA3C551ADE26170071BE5F /* SecondViewController.m in Sources */,
				E1DA3C4F1ADE26170071BE5F /* AppDelegate.m in Sources */,
				E1DA3C521ADE26170071BE5F /* FirstViewController.m in Sources */,
				E1DA3C4C1ADE26170071BE5F /* main.m in Sources */,
			);
			runOnlyForDeploymentPostprocessing = 0;
		};
		E1DA3C5E1ADE26170071BE5F /* Sources */ = {
			isa = PBXSourcesBuildPhase;
			buildActionMask = 2147483647;
			files = (
				E1DA3C691ADE26170071BE5F /* BITUnionTests.m in Sources */,
			);
			runOnlyForDeploymentPostprocessing = 0;
		};
/* End PBXSourcesBuildPhase section */

/* Begin PBXTargetDependency section */
		E1DA3C641ADE26170071BE5F /* PBXTargetDependency */ = {
			isa = PBXTargetDependency;
			target = E1DA3C451ADE26170071BE5F /* BITUnion */;
			targetProxy = E1DA3C631ADE26170071BE5F /* PBXContainerItemProxy */;
		};
/* End PBXTargetDependency section */

/* Begin PBXVariantGroup section */
		E1DA3C561ADE26170071BE5F /* Main.storyboard */ = {
			isa = PBXVariantGroup;
			children = (
				E1DA3C571ADE26170071BE5F /* Base */,
			);
			name = Main.storyboard;
			sourceTree = "<group>";
		};
		E1DA3C5B1ADE26170071BE5F /* LaunchScreen.xib */ = {
			isa = PBXVariantGroup;
			children = (
				E1DA3C5C1ADE26170071BE5F /* Base */,
			);
			name = LaunchScreen.xib;
			sourceTree = "<group>";
		};
/* End PBXVariantGroup section */

/* Begin XCBuildConfiguration section */
		E1DA3C6A1ADE26170071BE5F /* Debug */ = {
			isa = XCBuildConfiguration;
			buildSettings = {
				ALWAYS_SEARCH_USER_PATHS = NO;
				CLANG_CXX_LANGUAGE_STANDARD = "gnu++0x";
				CLANG_CXX_LIBRARY = "libc++";
				CLANG_ENABLE_MODULES = YES;
				CLANG_ENABLE_OBJC_ARC = YES;
				CLANG_WARN_BOOL_CONVERSION = YES;
				CLANG_WARN_CONSTANT_CONVERSION = YES;
				CLANG_WARN_DIRECT_OBJC_ISA_USAGE = YES_ERROR;
				CLANG_WARN_EMPTY_BODY = YES;
				CLANG_WARN_ENUM_CONVERSION = YES;
				CLANG_WARN_INT_CONVERSION = YES;
				CLANG_WARN_OBJC_ROOT_CLASS = YES_ERROR;
				CLANG_WARN_UNREACHABLE_CODE = YES;
				CLANG_WARN__DUPLICATE_METHOD_MATCH = YES;
				"CODE_SIGN_IDENTITY[sdk=iphoneos*]" = "iPhone Developer";
				COPY_PHASE_STRIP = NO;
				ENABLE_STRICT_OBJC_MSGSEND = YES;
				GCC_C_LANGUAGE_STANDARD = gnu99;
				GCC_DYNAMIC_NO_PIC = NO;
				GCC_OPTIMIZATION_LEVEL = 0;
				GCC_PREPROCESSOR_DEFINITIONS = (
					"DEBUG=1",
					"$(inherited)",
				);
				GCC_SYMBOLS_PRIVATE_EXTERN = NO;
				GCC_WARN_64_TO_32_BIT_CONVERSION = YES;
				GCC_WARN_ABOUT_RETURN_TYPE = YES_ERROR;
				GCC_WARN_UNDECLARED_SELECTOR = YES;
				GCC_WARN_UNINITIALIZED_AUTOS = YES_AGGRESSIVE;
				GCC_WARN_UNUSED_FUNCTION = YES;
				GCC_WARN_UNUSED_VARIABLE = YES;
				IPHONEOS_DEPLOYMENT_TARGET = 8.1;
				MTL_ENABLE_DEBUG_INFO = YES;
				ONLY_ACTIVE_ARCH = YES;
				SDKROOT = iphoneos;
			};
			name = Debug;
		};
		E1DA3C6B1ADE26170071BE5F /* Release */ = {
			isa = XCBuildConfiguration;
			buildSettings = {
				ALWAYS_SEARCH_USER_PATHS = NO;
				CLANG_CXX_LANGUAGE_STANDARD = "gnu++0x";
				CLANG_CXX_LIBRARY = "libc++";
				CLANG_ENABLE_MODULES = YES;
				CLANG_ENABLE_OBJC_ARC = YES;
				CLANG_WARN_BOOL_CONVERSION = YES;
				CLANG_WARN_CONSTANT_CONVERSION = YES;
				CLANG_WARN_DIRECT_OBJC_ISA_USAGE = YES_ERROR;
				CLANG_WARN_EMPTY_BODY = YES;
				CLANG_WARN_ENUM_CONVERSION = YES;
				CLANG_WARN_INT_CONVERSION = YES;
				CLANG_WARN_OBJC_ROOT_CLASS = YES_ERROR;
				CLANG_WARN_UNREACHABLE_CODE = YES;
				CLANG_WARN__DUPLICATE_METHOD_MATCH = YES;
				"CODE_SIGN_IDENTITY[sdk=iphoneos*]" = "iPhone Developer";
				COPY_PHASE_STRIP = YES;
				ENABLE_NS_ASSERTIONS = NO;
				ENABLE_STRICT_OBJC_MSGSEND = YES;
				GCC_C_LANGUAGE_STANDARD = gnu99;
				GCC_WARN_64_TO_32_BIT_CONVERSION = YES;
				GCC_WARN_ABOUT_RETURN_TYPE = YES_ERROR;
				GCC_WARN_UNDECLARED_SELECTOR = YES;
				GCC_WARN_UNINITIALIZED_AUTOS = YES_AGGRESSIVE;
				GCC_WARN_UNUSED_FUNCTION = YES;
				GCC_WARN_UNUSED_VARIABLE = YES;
				IPHONEOS_DEPLOYMENT_TARGET = 8.1;
				MTL_ENABLE_DEBUG_INFO = NO;
				SDKROOT = iphoneos;
				VALIDATE_PRODUCT = YES;
			};
			name = Release;
		};
		E1DA3C6D1ADE26170071BE5F /* Debug */ = {
			isa = XCBuildConfiguration;
			buildSettings = {
				ASSETCATALOG_COMPILER_APPICON_NAME = AppIcon;
				INFOPLIST_FILE = BITUnion/Info.plist;
				LD_RUNPATH_SEARCH_PATHS = "$(inherited) @executable_path/Frameworks";
				PRODUCT_NAME = "$(TARGET_NAME)";
			};
			name = Debug;
		};
		E1DA3C6E1ADE26170071BE5F /* Release */ = {
			isa = XCBuildConfiguration;
			buildSettings = {
				ASSETCATALOG_COMPILER_APPICON_NAME = AppIcon;
				INFOPLIST_FILE = BITUnion/Info.plist;
				LD_RUNPATH_SEARCH_PATHS = "$(inherited) @executable_path/Frameworks";
				PRODUCT_NAME = "$(TARGET_NAME)";
			};
			name = Release;
		};
		E1DA3C701ADE26170071BE5F /* Debug */ = {
			isa = XCBuildConfiguration;
			buildSettings = {
				BUNDLE_LOADER = "$(TEST_HOST)";
				FRAMEWORK_SEARCH_PATHS = (
					"$(SDKROOT)/Developer/Library/Frameworks",
					"$(inherited)",
				);
				GCC_PREPROCESSOR_DEFINITIONS = (
					"DEBUG=1",
					"$(inherited)",
				);
				INFOPLIST_FILE = BITUnionTests/Info.plist;
				LD_RUNPATH_SEARCH_PATHS = "$(inherited) @executable_path/Frameworks @loader_path/Frameworks";
				PRODUCT_NAME = "$(TARGET_NAME)";
				TEST_HOST = "$(BUILT_PRODUCTS_DIR)/BITUnion.app/BITUnion";
			};
			name = Debug;
		};
		E1DA3C711ADE26170071BE5F /* Release */ = {
			isa = XCBuildConfiguration;
			buildSettings = {
				BUNDLE_LOADER = "$(TEST_HOST)";
				FRAMEWORK_SEARCH_PATHS = (
					"$(SDKROOT)/Developer/Library/Frameworks",
					"$(inherited)",
				);
				INFOPLIST_FILE = BITUnionTests/Info.plist;
				LD_RUNPATH_SEARCH_PATHS = "$(inherited) @executable_path/Frameworks @loader_path/Frameworks";
				PRODUCT_NAME = "$(TARGET_NAME)";
				TEST_HOST = "$(BUILT_PRODUCTS_DIR)/BITUnion.app/BITUnion";
			};
			name = Release;
		};
/* End XCBuildConfiguration section */

/* Begin XCConfigurationList section */
		E1DA3C411ADE26170071BE5F /* Build configuration list for PBXProject "BITUnion" */ = {
			isa = XCConfigurationList;
			buildConfigurations = (
				E1DA3C6A1ADE26170071BE5F /* Debug */,
				E1DA3C6B1ADE26170071BE5F /* Release */,
			);
			defaultConfigurationIsVisible = 0;
			defaultConfigurationName = Release;
		};
		E1DA3C6C1ADE26170071BE5F /* Build configuration list for PBXNativeTarget "BITUnion" */ = {
			isa = XCConfigurationList;
			buildConfigurations = (
				E1DA3C6D1ADE26170071BE5F /* Debug */,
				E1DA3C6E1ADE26170071BE5F /* Release */,
			);
			defaultConfigurationIsVisible = 0;
		};
		E1DA3C6F1ADE26170071BE5F /* Build configuration list for PBXNativeTarget "BITUnionTests" */ = {
			isa = XCConfigurationList;
			buildConfigurations = (
				E1DA3C701ADE26170071BE5F /* Debug */,
				E1DA3C711ADE26170071BE5F /* Release */,
			);
			defaultConfigurationIsVisible = 0;
		};
/* End XCConfigurationList section */
	};
	rootObject = E1DA3C3E1ADE26170071BE5F /* Project object */;
}
